{
  "requires": true,
  "lockfileVersion": 1,
  "dependencies": {
    "@vuelidate/core": {
      "version": "2.0.0-alpha.35",
      "resolved": "https://registry.npmjs.org/@vuelidate/core/-/core-2.0.0-alpha.35.tgz",
      "integrity": "sha512-BSGQElu5lyI0GzqehFzUWy7GXhEUC7Z8oEpdxgCyGGN5gOFlAQ5Zr4dDFzfIOhU4jik3CfPHK+i+Juqg2OCKNw==",
      "requires": {
        "vue-demi": "^0.12.0"
      }
    },
    "@vuelidate/validators": {
      "version": "2.0.0-alpha.27",
      "resolved": "https://registry.npmjs.org/@vuelidate/validators/-/validators-2.0.0-alpha.27.tgz",
      "integrity": "sha512-omCUVP+gr2kKBMQwdKsOYPWYk/Fu92K93LRnl8Vk856UudNlb89wCreh0/Q8DpVEOisLljI3T7026QCo9eSq4Q==",
      "requires": {
        "vue-demi": "^0.12.0"
      }
    },
    "dropzone": {
      "version": "5.9.3",
      "resolved": "https://registry.npmjs.org/dropzone/-/dropzone-5.9.3.tgz",
      "integrity": "sha512-Azk8kD/2/nJIuVPK+zQ9sjKMRIpRvNyqn9XwbBHNq+iNuSccbJS6hwm1Woy0pMST0erSo0u4j+KJaodndDk4vA=="
    },
    "sweetalert2": {
      "version": "11.4.10",
      "resolved": "https://registry.npmjs.org/sweetalert2/-/sweetalert2-11.4.10.tgz",
      "integrity": "sha512-Ms3mryLA/c5+llHNY0I9KXU8bv0N1a874gZr7xMPOiSnLD9veHZA92nZvJOkuN1hrdcR8kyj4IN8tBxlAIjVww=="
    },
    "vue-demi": {
      "version": "0.12.4",
      "resolved": "https://registry.npmjs.org/vue-demi/-/vue-demi-0.12.4.tgz",
      "integrity": "sha512-ztPDkFt0TSUdoq1ZI6oD730vgztBkiByhUW7L1cOTebiSBqSYfSQgnhYakYigBkyAybqCTH7h44yZuDJf2xILQ=="
    },
    "vue-sweetalert2": {
      "version": "5.0.2",
      "resolved": "https://registry.npmjs.org/vue-sweetalert2/-/vue-sweetalert2-5.0.2.tgz",
      "integrity": "sha512-28pcpmvaFxwoXIUkOWwhZhmsV749jXxha8JicwPoSKyFKR5FhIaZU6UHO5WlUCLIVUI6sAWY6WngK2x/iXYwZg==",
      "requires": {
        "sweetalert2": "11.x"
      }
    },
    "vue2-collapse": {
      "version": "1.0.15",
      "resolved": "https://registry.npmjs.org/vue2-collapse/-/vue2-collapse-1.0.15.tgz",
      "integrity": "sha512-XLzUxkYKVZqmHRSdirgqXyUYeytsAKNJSjP1dLcVtEIhgP4xUHSbzU7ycuQm/egRgjMCsDzILv5wr0uhS9cXvQ==",
      "dev": true
    },
    "vue2-dropzone": {
      "version": "3.6.0",
      "resolved": "https://registry.npmjs.org/vue2-dropzone/-/vue2-dropzone-3.6.0.tgz",
      "integrity": "sha512-YXC1nCWIZvfa98e/i6h+EshZCkFSxFEh0Sxr9ODfThAPPDVhAzLLlz/4XIx0NGO1QeSy6htwSstte47R7vVhLQ==",
      "requires": {
        "dropzone": "^5.5.1"
      }
    }
  }
}
